
Microsoft Visual Studio Solution File, Format Version 12.00
# Visual Studio Version 17
VisualStudioVersion = 17.13.35818.85 d17.13
MinimumVisualStudioVersion = 10.0.40219.1
Project("{FAE04EC0-301F-11D3-BF4B-00C04F79EFBC}") = "Live Code PBO Encapsulation", "Live Code PBO Encapsulation\Live Code PBO Encapsulation.csproj", "{712EA7E0-49E0-40D6-81B0-40DCD0BE8409}"
EndProject
Global
	GlobalSection(SolutionConfigurationPlatforms) = preSolution
		Debug|Any CPU = Debug|Any CPU
		Release|Any CPU = Release|Any CPU
	EndGlobalSection
	GlobalSection(ProjectConfigurationPlatforms) = postSolution
		{712EA7E0-49E0-40D6-81B0-40DCD0BE8409}.Debug|Any CPU.ActiveCfg = Debug|Any CPU
		{712EA7E0-49E0-40D6-81B0-40DCD0BE8409}.Debug|Any CPU.Build.0 = Debug|Any CPU
		{712EA7E0-49E0-40D6-81B0-40DCD0BE8409}.Release|Any CPU.ActiveCfg = Release|Any CPU
		{712EA7E0-49E0-40D6-81B0-40DCD0BE8409}.Release|Any CPU.Build.0 = Release|Any CPU
	EndGlobalSection
	GlobalSection(SolutionProperties) = preSolution
		HideSolutionNode = FALSE
	EndGlobalSection
	GlobalSection(ExtensibilityGlobals) = postSolution
		SolutionGuid = {6674E3CC-9379-43C0-A654-E320454547B1}
	EndGlobalSection
EndGlobal
